
Microsoft Visual Studio Solution File, Format Version 12.00
# Visual Studio Version 16
VisualStudioVersion = 16.0.29123.88
MinimumVisualStudioVersion = 10.0.40219.1
Project("{FAE04EC0-301F-11D3-BF4B-00C04F79EFBC}") = "Event_Management_System", "Event_Management_System\Event_Management_System.csproj", "{E4E1FBD8-6088-48F3-B756-CDF3027E752D}"
EndProject
Project("{FAE04EC0-301F-11D3-BF4B-00C04F79EFBC}") = "Event_Management_System.Tests", "Event_Management_System.Tests\Event_Management_System.Tests.csproj", "{401F7B5A-95F5-4D72-9A23-5B11CB8F6633}"
EndProject
Global
	GlobalSection(SolutionConfigurationPlatforms) = preSolution
		Debug|Any CPU = Debug|Any CPU
		Release|Any CPU = Release|Any CPU
	EndGlobalSection
	GlobalSection(ProjectConfigurationPlatforms) = postSolution
		{E4E1FBD8-6088-48F3-B756-CDF3027E752D}.Debug|Any CPU.ActiveCfg = Debug|Any CPU
		{E4E1FBD8-6088-48F3-B756-CDF3027E752D}.Debug|Any CPU.Build.0 = Debug|Any CPU
		{E4E1FBD8-6088-48F3-B756-CDF3027E752D}.Release|Any CPU.ActiveCfg = Release|Any CPU
		{E4E1FBD8-6088-48F3-B756-CDF3027E752D}.Release|Any CPU.Build.0 = Release|Any CPU
		{401F7B5A-95F5-4D72-9A23-5B11CB8F6633}.Debug|Any CPU.ActiveCfg = Debug|Any CPU
		{401F7B5A-95F5-4D72-9A23-5B11CB8F6633}.Debug|Any CPU.Build.0 = Debug|Any CPU
		{401F7B5A-95F5-4D72-9A23-5B11CB8F6633}.Release|Any CPU.ActiveCfg = Release|Any CPU
		{401F7B5A-95F5-4D72-9A23-5B11CB8F6633}.Release|Any CPU.Build.0 = Release|Any CPU
	EndGlobalSection
	GlobalSection(SolutionProperties) = preSolution
		HideSolutionNode = FALSE
	EndGlobalSection
	GlobalSection(ExtensibilityGlobals) = postSolution
		SolutionGuid = {3B4C9BAC-D1C4-46A2-9363-17CE542B9E37}
	EndGlobalSection
EndGlobal
