
Microsoft Visual Studio Solution File, Format Version 12.00
# Visual Studio Version 16
VisualStudioVersion = 16.0.29123.88
MinimumVisualStudioVersion = 10.0.40219.1
Project("{FAE04EC0-301F-11D3-BF4B-00C04F79EFBC}") = "Event_Management_Application", "Event_Management_Application\Event_Management_Application.csproj", "{3EA7885F-069F-413A-A72C-9B23113BB3E3}"
EndProject
Global
	GlobalSection(SolutionConfigurationPlatforms) = preSolution
		Debug|Any CPU = Debug|Any CPU
		Release|Any CPU = Release|Any CPU
	EndGlobalSection
	GlobalSection(ProjectConfigurationPlatforms) = postSolution
		{3EA7885F-069F-413A-A72C-9B23113BB3E3}.Debug|Any CPU.ActiveCfg = Debug|Any CPU
		{3EA7885F-069F-413A-A72C-9B23113BB3E3}.Debug|Any CPU.Build.0 = Debug|Any CPU
		{3EA7885F-069F-413A-A72C-9B23113BB3E3}.Release|Any CPU.ActiveCfg = Release|Any CPU
		{3EA7885F-069F-413A-A72C-9B23113BB3E3}.Release|Any CPU.Build.0 = Release|Any CPU
	EndGlobalSection
	GlobalSection(SolutionProperties) = preSolution
		HideSolutionNode = FALSE
	EndGlobalSection
	GlobalSection(ExtensibilityGlobals) = postSolution
		SolutionGuid = {FFF2F8FB-78A5-49A6-95CD-B5CBDE47648C}
	EndGlobalSection
EndGlobal
